
Microsoft Visual Studio Solution File, Format Version 12.00
# Visual Studio 15
VisualStudioVersion = 15.0.27428.2005
MinimumVisualStudioVersion = 10.0.40219.1
Project("{FAE04EC0-301F-11D3-BF4B-00C04F79EFBC}") = "JqueryMobileTest", "JqueryMobileTest\JqueryMobileTest.csproj", "{14CD2C68-F9A4-4214-A835-D87A42216608}"
EndProject
Global
	GlobalSection(SolutionConfigurationPlatforms) = preSolution
		Debug|Any CPU = Debug|Any CPU
		Release|Any CPU = Release|Any CPU
	EndGlobalSection
	GlobalSection(ProjectConfigurationPlatforms) = postSolution
		{14CD2C68-F9A4-4214-A835-D87A42216608}.Debug|Any CPU.ActiveCfg = Debug|Any CPU
		{14CD2C68-F9A4-4214-A835-D87A42216608}.Debug|Any CPU.Build.0 = Debug|Any CPU
		{14CD2C68-F9A4-4214-A835-D87A42216608}.Release|Any CPU.ActiveCfg = Release|Any CPU
		{14CD2C68-F9A4-4214-A835-D87A42216608}.Release|Any CPU.Build.0 = Release|Any CPU
	EndGlobalSection
	GlobalSection(SolutionProperties) = preSolution
		HideSolutionNode = FALSE
	EndGlobalSection
	GlobalSection(ExtensibilityGlobals) = postSolution
		SolutionGuid = {3D7520EE-EA32-4008-8491-E5654CC50A63}
	EndGlobalSection
EndGlobal
